
Microsoft Visual Studio Solution File, Format Version 12.00
# Visual Studio Version 16
VisualStudioVersion = 16.0.33027.164
MinimumVisualStudioVersion = 10.0.40219.1
Project("{FAE04EC0-301F-11D3-BF4B-00C04F79EFBC}") = "Toddlers", "Toddlers.csproj", "{B1DF138F-3AA0-4E02-B985-5101A5F06100}"
EndProject
Project("{2150E333-8FDC-42A3-9474-1A3956D46DE8}") = "Solution Items", "Solution Items", "{50A49C0B-1254-44F0-B014-552E2E8ABB20}"
	ProjectSection(SolutionItems) = preProject
		BedTesting.cs = BedTesting.cs
	EndProjectSection
EndProject
Global
	GlobalSection(SolutionConfigurationPlatforms) = preSolution
		Debug|Any CPU = Debug|Any CPU
		Release|Any CPU = Release|Any CPU
	EndGlobalSection
	GlobalSection(ProjectConfigurationPlatforms) = postSolution
		{B1DF138F-3AA0-4E02-B985-5101A5F06100}.Debug|Any CPU.ActiveCfg = Debug|Any CPU
		{B1DF138F-3AA0-4E02-B985-5101A5F06100}.Debug|Any CPU.Build.0 = Debug|Any CPU
		{B1DF138F-3AA0-4E02-B985-5101A5F06100}.Release|Any CPU.ActiveCfg = Release|Any CPU
		{B1DF138F-3AA0-4E02-B985-5101A5F06100}.Release|Any CPU.Build.0 = Release|Any CPU
	EndGlobalSection
	GlobalSection(SolutionProperties) = preSolution
		HideSolutionNode = FALSE
	EndGlobalSection
	GlobalSection(ExtensibilityGlobals) = postSolution
		SolutionGuid = {6EF0495C-CAB6-4467-A560-1248C762FAAF}
	EndGlobalSection
EndGlobal
